// !$*UTF8*$!
{
	archiveVersion = 1;
	classes = {
	};
	objectVersion = 55;
	objects = {

/* Begin PBXBuildFile section */
		CE5F39192799F90E00A8AD08 /* AppDelegate.swift in Sources */ = {isa = PBXBuildFile; fileRef = CE5F39182799F90E00A8AD08 /* AppDelegate.swift */; };
		CE5F391B2799F90E00A8AD08 /* SceneDelegate.swift in Sources */ = {isa = PBXBuildFile; fileRef = CE5F391A2799F90E00A8AD08 /* SceneDelegate.swift */; };
		CE5F391D2799F90E00A8AD08 /* ViewController.swift in Sources */ = {isa = PBXBuildFile; fileRef = CE5F391C2799F90E00A8AD08 /* ViewController.swift */; };
		CE5F39202799F90E00A8AD08 /* Main.storyboard in Resources */ = {isa = PBXBuildFile; fileRef = CE5F391E2799F90E00A8AD08 /* Main.storyboard */; };
		CE5F39232799F90E00A8AD08 /* Posts.xcdatamodeld in Sources */ = {isa = PBXBuildFile; fileRef = CE5F39212799F90E00A8AD08 /* Posts.xcdatamodeld */; };
		CE5F39252799F91100A8AD08 /* Assets.xcassets in Resources */ = {isa = PBXBuildFile; fileRef = CE5F39242799F91100A8AD08 /* Assets.xcassets */; };
		CE5F39282799F91100A8AD08 /* LaunchScreen.storyboard in Resources */ = {isa = PBXBuildFile; fileRef = CE5F39262799F91100A8AD08 /* LaunchScreen.storyboard */; };
		CE5F39332799F91200A8AD08 /* PostsTests.swift in Sources */ = {isa = PBXBuildFile; fileRef = CE5F39322799F91200A8AD08 /* PostsTests.swift */; };
		CE5F393D2799F91200A8AD08 /* PostsUITests.swift in Sources */ = {isa = PBXBuildFile; fileRef = CE5F393C2799F91200A8AD08 /* PostsUITests.swift */; };
		CE5F393F2799F91200A8AD08 /* PostsUITestsLaunchTests.swift in Sources */ = {isa = PBXBuildFile; fileRef = CE5F393E2799F91200A8AD08 /* PostsUITestsLaunchTests.swift */; };
		CE5F394D2799FC6200A8AD08 /* PostResponse.swift in Sources */ = {isa = PBXBuildFile; fileRef = CE5F394C2799FC6200A8AD08 /* PostResponse.swift */; };
		CE5F394F2799FC6D00A8AD08 /* UserResponse.swift in Sources */ = {isa = PBXBuildFile; fileRef = CE5F394E2799FC6D00A8AD08 /* UserResponse.swift */; };
		CEB95AF8279C6762002B4D94 /* APIManager.swift in Sources */ = {isa = PBXBuildFile; fileRef = CEB95AF7279C6762002B4D94 /* APIManager.swift */; };
		CEB95AFE279D6840002B4D94 /* APIError.swift in Sources */ = {isa = PBXBuildFile; fileRef = CEB95AFD279D6840002B4D94 /* APIError.swift */; };
		CEB95B00279DCAE7002B4D94 /* UserPost.swift in Sources */ = {isa = PBXBuildFile; fileRef = CEB95AFF279DCAE7002B4D94 /* UserPost.swift */; };
		CEB95B02279F3D9D002B4D94 /* UserPostTableViewCell.swift in Sources */ = {isa = PBXBuildFile; fileRef = CEB95B01279F3D9D002B4D94 /* UserPostTableViewCell.swift */; };
/* End PBXBuildFile section */

/* Begin PBXContainerItemProxy section */
		CE5F392F2799F91200A8AD08 /* PBXContainerItemProxy */ = {
			isa = PBXContainerItemProxy;
			containerPortal = CE5F390D2799F90E00A8AD08 /* Project object */;
			proxyType = 1;
			remoteGlobalIDString = CE5F39142799F90E00A8AD08;
			remoteInfo = Posts;
		};
		CE5F39392799F91200A8AD08 /* PBXContainerItemProxy */ = {
			isa = PBXContainerItemProxy;
			containerPortal = CE5F390D2799F90E00A8AD08 /* Project object */;
			proxyType = 1;
			remoteGlobalIDString = CE5F39142799F90E00A8AD08;
			remoteInfo = Posts;
		};
/* End PBXContainerItemProxy section */

/* Begin PBXFileReference section */
		CE5F39152799F90E00A8AD08 /* Posts.app */ = {isa = PBXFileReference; explicitFileType = wrapper.application; includeInIndex = 0; path = Posts.app; sourceTree = BUILT_PRODUCTS_DIR; };
		CE5F39182799F90E00A8AD08 /* AppDelegate.swift */ = {isa = PBXFileReference; lastKnownFileType = sourcecode.swift; path = AppDelegate.swift; sourceTree = "<group>"; };
		CE5F391A2799F90E00A8AD08 /* SceneDelegate.swift */ = {isa = PBXFileReference; lastKnownFileType = sourcecode.swift; path = SceneDelegate.swift; sourceTree = "<group>"; };
		CE5F391C2799F90E00A8AD08 /* ViewController.swift */ = {isa = PBXFileReference; lastKnownFileType = sourcecode.swift; path = ViewController.swift; sourceTree = "<group>"; };
		CE5F391F2799F90E00A8AD08 /* Base */ = {isa = PBXFileReference; lastKnownFileType = file.storyboard; name = Base; path = Base.lproj/Main.storyboard; sourceTree = "<group>"; };
		CE5F39222799F90E00A8AD08 /* Posts.xcdatamodel */ = {isa = PBXFileReference; lastKnownFileType = wrapper.xcdatamodel; path = Posts.xcdatamodel; sourceTree = "<group>"; };
		CE5F39242799F91100A8AD08 /* Assets.xcassets */ = {isa = PBXFileReference; lastKnownFileType = folder.assetcatalog; path = Assets.xcassets; sourceTree = "<group>"; };
		CE5F39272799F91100A8AD08 /* Base */ = {isa = PBXFileReference; lastKnownFileType = file.storyboard; name = Base; path = Base.lproj/LaunchScreen.storyboard; sourceTree = "<group>"; };
		CE5F39292799F91100A8AD08 /* Info.plist */ = {isa = PBXFileReference; lastKnownFileType = text.plist.xml; path = Info.plist; sourceTree = "<group>"; };
		CE5F392E2799F91200A8AD08 /* PostsTests.xctest */ = {isa = PBXFileReference; explicitFileType = wrapper.cfbundle; includeInIndex = 0; path = PostsTests.xctest; sourceTree = BUILT_PRODUCTS_DIR; };
		CE5F39322799F91200A8AD08 /* PostsTests.swift */ = {isa = PBXFileReference; lastKnownFileType = sourcecode.swift; path = PostsTests.swift; sourceTree = "<group>"; };
		CE5F39382799F91200A8AD08 /* PostsUITests.xctest */ = {isa = PBXFileReference; explicitFileType = wrapper.cfbundle; includeInIndex = 0; path = PostsUITests.xctest; sourceTree = BUILT_PRODUCTS_DIR; };
		CE5F393C2799F91200A8AD08 /* PostsUITests.swift */ = {isa = PBXFileReference; lastKnownFileType = sourcecode.swift; path = PostsUITests.swift; sourceTree = "<group>"; };
		CE5F393E2799F91200A8AD08 /* PostsUITestsLaunchTests.swift */ = {isa = PBXFileReference; lastKnownFileType = sourcecode.swift; path = PostsUITestsLaunchTests.swift; sourceTree = "<group>"; };
		CE5F394C2799FC6200A8AD08 /* PostResponse.swift */ = {isa = PBXFileReference; lastKnownFileType = sourcecode.swift; path = PostResponse.swift; sourceTree = "<group>"; };
		CE5F394E2799FC6D00A8AD08 /* UserResponse.swift */ = {isa = PBXFileReference; lastKnownFileType = sourcecode.swift; path = UserResponse.swift; sourceTree = "<group>"; };
		CEB95AF7279C6762002B4D94 /* APIManager.swift */ = {isa = PBXFileReference; lastKnownFileType = sourcecode.swift; path = APIManager.swift; sourceTree = "<group>"; };
		CEB95AFD279D6840002B4D94 /* APIError.swift */ = {isa = PBXFileReference; lastKnownFileType = sourcecode.swift; path = APIError.swift; sourceTree = "<group>"; };
		CEB95AFF279DCAE7002B4D94 /* UserPost.swift */ = {isa = PBXFileReference; lastKnownFileType = sourcecode.swift; path = UserPost.swift; sourceTree = "<group>"; };
		CEB95B01279F3D9D002B4D94 /* UserPostTableViewCell.swift */ = {isa = PBXFileReference; lastKnownFileType = sourcecode.swift; path = UserPostTableViewCell.swift; sourceTree = "<group>"; };
/* End PBXFileReference section */

/* Begin PBXFrameworksBuildPhase section */
		CE5F39122799F90E00A8AD08 /* Frameworks */ = {
			isa = PBXFrameworksBuildPhase;
			buildActionMask = 2147483647;
			files = (
			);
			runOnlyForDeploymentPostprocessing = 0;
		};
		CE5F392B2799F91200A8AD08 /* Frameworks */ = {
			isa = PBXFrameworksBuildPhase;
			buildActionMask = 2147483647;
			files = (
			);
			runOnlyForDeploymentPostprocessing = 0;
		};
		CE5F39352799F91200A8AD08 /* Frameworks */ = {
			isa = PBXFrameworksBuildPhase;
			buildActionMask = 2147483647;
			files = (
			);
			runOnlyForDeploymentPostprocessing = 0;
		};
/* End PBXFrameworksBuildPhase section */

/* Begin PBXGroup section */
		CE5F390C2799F90E00A8AD08 = {
			isa = PBXGroup;
			children = (
				CE5F39172799F90E00A8AD08 /* Posts */,
				CE5F39312799F91200A8AD08 /* PostsTests */,
				CE5F393B2799F91200A8AD08 /* PostsUITests */,
				CE5F39162799F90E00A8AD08 /* Products */,
			);
			sourceTree = "<group>";
		};
		CE5F39162799F90E00A8AD08 /* Products */ = {
			isa = PBXGroup;
			children = (
				CE5F39152799F90E00A8AD08 /* Posts.app */,
				CE5F392E2799F91200A8AD08 /* PostsTests.xctest */,
				CE5F39382799F91200A8AD08 /* PostsUITests.xctest */,
			);
			name = Products;
			sourceTree = "<group>";
		};
		CE5F39172799F90E00A8AD08 /* Posts */ = {
			isa = PBXGroup;
			children = (
				CEB95AF6279C6753002B4D94 /* Networking */,
				CE5F394B2799FC1800A8AD08 /* ResponseModels */,
				CEB95B03279F3DC5002B4D94 /* View */,
				CE5F39182799F90E00A8AD08 /* AppDelegate.swift */,
				CE5F391A2799F90E00A8AD08 /* SceneDelegate.swift */,
				CE5F391E2799F90E00A8AD08 /* Main.storyboard */,
				CE5F39242799F91100A8AD08 /* Assets.xcassets */,
				CE5F39262799F91100A8AD08 /* LaunchScreen.storyboard */,
				CE5F39292799F91100A8AD08 /* Info.plist */,
				CE5F39212799F90E00A8AD08 /* Posts.xcdatamodeld */,
			);
			path = Posts;
			sourceTree = "<group>";
		};
		CE5F39312799F91200A8AD08 /* PostsTests */ = {
			isa = PBXGroup;
			children = (
				CE5F39322799F91200A8AD08 /* PostsTests.swift */,
			);
			path = PostsTests;
			sourceTree = "<group>";
		};
		CE5F393B2799F91200A8AD08 /* PostsUITests */ = {
			isa = PBXGroup;
			children = (
				CE5F393C2799F91200A8AD08 /* PostsUITests.swift */,
				CE5F393E2799F91200A8AD08 /* PostsUITestsLaunchTests.swift */,
			);
			path = PostsUITests;
			sourceTree = "<group>";
		};
		CE5F394B2799FC1800A8AD08 /* ResponseModels */ = {
			isa = PBXGroup;
			children = (
				CE5F394C2799FC6200A8AD08 /* PostResponse.swift */,
				CE5F394E2799FC6D00A8AD08 /* UserResponse.swift */,
				CEB95AFF279DCAE7002B4D94 /* UserPost.swift */,
			);
			path = ResponseModels;
			sourceTree = "<group>";
		};
		CEB95AF6279C6753002B4D94 /* Networking */ = {
			isa = PBXGroup;
			children = (
				CEB95AF7279C6762002B4D94 /* APIManager.swift */,
				CEB95AFD279D6840002B4D94 /* APIError.swift */,
			);
			path = Networking;
			sourceTree = "<group>";
		};
		CEB95B03279F3DC5002B4D94 /* View */ = {
			isa = PBXGroup;
			children = (
				CE5F391C2799F90E00A8AD08 /* ViewController.swift */,
				CEB95B01279F3D9D002B4D94 /* UserPostTableViewCell.swift */,
			);
			path = View;
			sourceTree = "<group>";
		};
/* End PBXGroup section */

/* Begin PBXNativeTarget section */
		CE5F39142799F90E00A8AD08 /* Posts */ = {
			isa = PBXNativeTarget;
			buildConfigurationList = CE5F39422799F91200A8AD08 /* Build configuration list for PBXNativeTarget "Posts" */;
			buildPhases = (
				CE5F39112799F90E00A8AD08 /* Sources */,
				CE5F39122799F90E00A8AD08 /* Frameworks */,
				CE5F39132799F90E00A8AD08 /* Resources */,
			);
			buildRules = (
			);
			dependencies = (
			);
			name = Posts;
			productName = Posts;
			productReference = CE5F39152799F90E00A8AD08 /* Posts.app */;
			productType = "com.apple.product-type.application";
		};
		CE5F392D2799F91200A8AD08 /* PostsTests */ = {
			isa = PBXNativeTarget;
			buildConfigurationList = CE5F39452799F91200A8AD08 /* Build configuration list for PBXNativeTarget "PostsTests" */;
			buildPhases = (
				CE5F392A2799F91200A8AD08 /* Sources */,
				CE5F392B2799F91200A8AD08 /* Frameworks */,
				CE5F392C2799F91200A8AD08 /* Resources */,
			);
			buildRules = (
			);
			dependencies = (
				CE5F39302799F91200A8AD08 /* PBXTargetDependency */,
			);
			name = PostsTests;
			productName = PostsTests;
			productReference = CE5F392E2799F91200A8AD08 /* PostsTests.xctest */;
			productType = "com.apple.product-type.bundle.unit-test";
		};
		CE5F39372799F91200A8AD08 /* PostsUITests */ = {
			isa = PBXNativeTarget;
			buildConfigurationList = CE5F39482799F91200A8AD08 /* Build configuration list for PBXNativeTarget "PostsUITests" */;
			buildPhases = (
				CE5F39342799F91200A8AD08 /* Sources */,
				CE5F39352799F91200A8AD08 /* Frameworks */,
				CE5F39362799F91200A8AD08 /* Resources */,
			);
			buildRules = (
			);
			dependencies = (
				CE5F393A2799F91200A8AD08 /* PBXTargetDependency */,
			);
			name = PostsUITests;
			productName = PostsUITests;
			productReference = CE5F39382799F91200A8AD08 /* PostsUITests.xctest */;
			productType = "com.apple.product-type.bundle.ui-testing";
		};
/* End PBXNativeTarget section */

/* Begin PBXProject section */
		CE5F390D2799F90E00A8AD08 /* Project object */ = {
			isa = PBXProject;
			attributes = {
				BuildIndependentTargetsInParallel = 1;
				LastSwiftUpdateCheck = 1320;
				LastUpgradeCheck = 1320;
				TargetAttributes = {
					CE5F39142799F90E00A8AD08 = {
						CreatedOnToolsVersion = 13.2.1;
					};
					CE5F392D2799F91200A8AD08 = {
						CreatedOnToolsVersion = 13.2.1;
						TestTargetID = CE5F39142799F90E00A8AD08;
					};
					CE5F39372799F91200A8AD08 = {
						CreatedOnToolsVersion = 13.2.1;
						TestTargetID = CE5F39142799F90E00A8AD08;
					};
				};
			};
			buildConfigurationList = CE5F39102799F90E00A8AD08 /* Build configuration list for PBXProject "Posts" */;
			compatibilityVersion = "Xcode 13.0";
			developmentRegion = en;
			hasScannedForEncodings = 0;
			knownRegions = (
				en,
				Base,
			);
			mainGroup = CE5F390C2799F90E00A8AD08;
			productRefGroup = CE5F39162799F90E00A8AD08 /* Products */;
			projectDirPath = "";
			projectRoot = "";
			targets = (
				CE5F39142799F90E00A8AD08 /* Posts */,
				CE5F392D2799F91200A8AD08 /* PostsTests */,
				CE5F39372799F91200A8AD08 /* PostsUITests */,
			);
		};
/* End PBXProject section */

/* Begin PBXResourcesBuildPhase section */
		CE5F39132799F90E00A8AD08 /* Resources */ = {
			isa = PBXResourcesBuildPhase;
			buildActionMask = 2147483647;
			files = (
				CE5F39282799F91100A8AD08 /* LaunchScreen.storyboard in Resources */,
				CE5F39252799F91100A8AD08 /* Assets.xcassets in Resources */,
				CE5F39202799F90E00A8AD08 /* Main.storyboard in Resources */,
			);
			runOnlyForDeploymentPostprocessing = 0;
		};
		CE5F392C2799F91200A8AD08 /* Resources */ = {
			isa = PBXResourcesBuildPhase;
			buildActionMask = 2147483647;
			files = (
			);
			runOnlyForDeploymentPostprocessing = 0;
		};
		CE5F39362799F91200A8AD08 /* Resources */ = {
			isa = PBXResourcesBuildPhase;
			buildActionMask = 2147483647;
			files = (
			);
			runOnlyForDeploymentPostprocessing = 0;
		};
/* End PBXResourcesBuildPhase section */

/* Begin PBXSourcesBuildPhase section */
		CE5F39112799F90E00A8AD08 /* Sources */ = {
			isa = PBXSourcesBuildPhase;
			buildActionMask = 2147483647;
			files = (
				CE5F391D2799F90E00A8AD08 /* ViewController.swift in Sources */,
				CE5F39192799F90E00A8AD08 /* AppDelegate.swift in Sources */,
				CE5F394F2799FC6D00A8AD08 /* UserResponse.swift in Sources */,
				CE5F391B2799F90E00A8AD08 /* SceneDelegate.swift in Sources */,
				CEB95B02279F3D9D002B4D94 /* UserPostTableViewCell.swift in Sources */,
				CE5F39232799F90E00A8AD08 /* Posts.xcdatamodeld in Sources */,
				CEB95B00279DCAE7002B4D94 /* UserPost.swift in Sources */,
				CEB95AFE279D6840002B4D94 /* APIError.swift in Sources */,
				CE5F394D2799FC6200A8AD08 /* PostResponse.swift in Sources */,
				CEB95AF8279C6762002B4D94 /* APIManager.swift in Sources */,
			);
			runOnlyForDeploymentPostprocessing = 0;
		};
		CE5F392A2799F91200A8AD08 /* Sources */ = {
			isa = PBXSourcesBuildPhase;
			buildActionMask = 2147483647;
			files = (
				CE5F39332799F91200A8AD08 /* PostsTests.swift in Sources */,
			);
			runOnlyForDeploymentPostprocessing = 0;
		};
		CE5F39342799F91200A8AD08 /* Sources */ = {
			isa = PBXSourcesBuildPhase;
			buildActionMask = 2147483647;
			files = (
				CE5F393F2799F91200A8AD08 /* PostsUITestsLaunchTests.swift in Sources */,
				CE5F393D2799F91200A8AD08 /* PostsUITests.swift in Sources */,
			);
			runOnlyForDeploymentPostprocessing = 0;
		};
/* End PBXSourcesBuildPhase section */

/* Begin PBXTargetDependency section */
		CE5F39302799F91200A8AD08 /* PBXTargetDependency */ = {
			isa = PBXTargetDependency;
			target = CE5F39142799F90E00A8AD08 /* Posts */;
			targetProxy = CE5F392F2799F91200A8AD08 /* PBXContainerItemProxy */;
		};
		CE5F393A2799F91200A8AD08 /* PBXTargetDependency */ = {
			isa = PBXTargetDependency;
			target = CE5F39142799F90E00A8AD08 /* Posts */;
			targetProxy = CE5F39392799F91200A8AD08 /* PBXContainerItemProxy */;
		};
/* End PBXTargetDependency section */

/* Begin PBXVariantGroup section */
		CE5F391E2799F90E00A8AD08 /* Main.storyboard */ = {
			isa = PBXVariantGroup;
			children = (
				CE5F391F2799F90E00A8AD08 /* Base */,
			);
			name = Main.storyboard;
			sourceTree = "<group>";
		};
		CE5F39262799F91100A8AD08 /* LaunchScreen.storyboard */ = {
			isa = PBXVariantGroup;
			children = (
				CE5F39272799F91100A8AD08 /* Base */,
			);
			name = LaunchScreen.storyboard;
			sourceTree = "<group>";
		};
/* End PBXVariantGroup section */

/* Begin XCBuildConfiguration section */
		CE5F39402799F91200A8AD08 /* Debug */ = {
			isa = XCBuildConfiguration;
			buildSettings = {
				ALWAYS_SEARCH_USER_PATHS = NO;
				CLANG_ANALYZER_NONNULL = YES;
				CLANG_ANALYZER_NUMBER_OBJECT_CONVERSION = YES_AGGRESSIVE;
				CLANG_CXX_LANGUAGE_STANDARD = "gnu++17";
				CLANG_CXX_LIBRARY = "libc++";
				CLANG_ENABLE_MODULES = YES;
				CLANG_ENABLE_OBJC_ARC = YES;
				CLANG_ENABLE_OBJC_WEAK = YES;
				CLANG_WARN_BLOCK_CAPTURE_AUTORELEASING = YES;
				CLANG_WARN_BOOL_CONVERSION = YES;
				CLANG_WARN_COMMA = YES;
				CLANG_WARN_CONSTANT_CONVERSION = YES;
				CLANG_WARN_DEPRECATED_OBJC_IMPLEMENTATIONS = YES;
				CLANG_WARN_DIRECT_OBJC_ISA_USAGE = YES_ERROR;
				CLANG_WARN_DOCUMENTATION_COMMENTS = YES;
				CLANG_WARN_EMPTY_BODY = YES;
				CLANG_WARN_ENUM_CONVERSION = YES;
				CLANG_WARN_INFINITE_RECURSION = YES;
				CLANG_WARN_INT_CONVERSION = YES;
				CLANG_WARN_NON_LITERAL_NULL_CONVERSION = YES;
				CLANG_WARN_OBJC_IMPLICIT_RETAIN_SELF = YES;
				CLANG_WARN_OBJC_LITERAL_CONVERSION = YES;
				CLANG_WARN_OBJC_ROOT_CLASS = YES_ERROR;
				CLANG_WARN_QUOTED_INCLUDE_IN_FRAMEWORK_HEADER = YES;
				CLANG_WARN_RANGE_LOOP_ANALYSIS = YES;
				CLANG_WARN_STRICT_PROTOTYPES = YES;
				CLANG_WARN_SUSPICIOUS_MOVE = YES;
				CLANG_WARN_UNGUARDED_AVAILABILITY = YES_AGGRESSIVE;
				CLANG_WARN_UNREACHABLE_CODE = YES;
				CLANG_WARN__DUPLICATE_METHOD_MATCH = YES;
				COPY_PHASE_STRIP = NO;
				DEBUG_INFORMATION_FORMAT = dwarf;
				ENABLE_STRICT_OBJC_MSGSEND = YES;
				ENABLE_TESTABILITY = YES;
				GCC_C_LANGUAGE_STANDARD = gnu11;
				GCC_DYNAMIC_NO_PIC = NO;
				GCC_NO_COMMON_BLOCKS = YES;
				GCC_OPTIMIZATION_LEVEL = 0;
				GCC_PREPROCESSOR_DEFINITIONS = (
					"DEBUG=1",
					"$(inherited)",
				);
				GCC_WARN_64_TO_32_BIT_CONVERSION = YES;
				GCC_WARN_ABOUT_RETURN_TYPE = YES_ERROR;
				GCC_WARN_UNDECLARED_SELECTOR = YES;
				GCC_WARN_UNINITIALIZED_AUTOS = YES_AGGRESSIVE;
				GCC_WARN_UNUSED_FUNCTION = YES;
				GCC_WARN_UNUSED_VARIABLE = YES;
				IPHONEOS_DEPLOYMENT_TARGET = 15.2;
				MTL_ENABLE_DEBUG_INFO = INCLUDE_SOURCE;
				MTL_FAST_MATH = YES;
				ONLY_ACTIVE_ARCH = YES;
				SDKROOT = iphoneos;
				SWIFT_ACTIVE_COMPILATION_CONDITIONS = DEBUG;
				SWIFT_OPTIMIZATION_LEVEL = "-Onone";
			};
			name = Debug;
		};
		CE5F39412799F91200A8AD08 /* Release */ = {
			isa = XCBuildConfiguration;
			buildSettings = {
				ALWAYS_SEARCH_USER_PATHS = NO;
				CLANG_ANALYZER_NONNULL = YES;
				CLANG_ANALYZER_NUMBER_OBJECT_CONVERSION = YES_AGGRESSIVE;
				CLANG_CXX_LANGUAGE_STANDARD = "gnu++17";
				CLANG_CXX_LIBRARY = "libc++";
				CLANG_ENABLE_MODULES = YES;
				CLANG_ENABLE_OBJC_ARC = YES;
				CLANG_ENABLE_OBJC_WEAK = YES;
				CLANG_WARN_BLOCK_CAPTURE_AUTORELEASING = YES;
				CLANG_WARN_BOOL_CONVERSION = YES;
				CLANG_WARN_COMMA = YES;
				CLANG_WARN_CONSTANT_CONVERSION = YES;
				CLANG_WARN_DEPRECATED_OBJC_IMPLEMENTATIONS = YES;
				CLANG_WARN_DIRECT_OBJC_ISA_USAGE = YES_ERROR;
				CLANG_WARN_DOCUMENTATION_COMMENTS = YES;
				CLANG_WARN_EMPTY_BODY = YES;
				CLANG_WARN_ENUM_CONVERSION = YES;
				CLANG_WARN_INFINITE_RECURSION = YES;
				CLANG_WARN_INT_CONVERSION = YES;
				CLANG_WARN_NON_LITERAL_NULL_CONVERSION = YES;
				CLANG_WARN_OBJC_IMPLICIT_RETAIN_SELF = YES;
				CLANG_WARN_OBJC_LITERAL_CONVERSION = YES;
				CLANG_WARN_OBJC_ROOT_CLASS = YES_ERROR;
				CLANG_WARN_QUOTED_INCLUDE_IN_FRAMEWORK_HEADER = YES;
				CLANG_WARN_RANGE_LOOP_ANALYSIS = YES;
				CLANG_WARN_STRICT_PROTOTYPES = YES;
				CLANG_WARN_SUSPICIOUS_MOVE = YES;
				CLANG_WARN_UNGUARDED_AVAILABILITY = YES_AGGRESSIVE;
				CLANG_WARN_UNREACHABLE_CODE = YES;
				CLANG_WARN__DUPLICATE_METHOD_MATCH = YES;
				COPY_PHASE_STRIP = NO;
				DEBUG_INFORMATION_FORMAT = "dwarf-with-dsym";
				ENABLE_NS_ASSERTIONS = NO;
				ENABLE_STRICT_OBJC_MSGSEND = YES;
				GCC_C_LANGUAGE_STANDARD = gnu11;
				GCC_NO_COMMON_BLOCKS = YES;
				GCC_WARN_64_TO_32_BIT_CONVERSION = YES;
				GCC_WARN_ABOUT_RETURN_TYPE = YES_ERROR;
				GCC_WARN_UNDECLARED_SELECTOR = YES;
				GCC_WARN_UNINITIALIZED_AUTOS = YES_AGGRESSIVE;
				GCC_WARN_UNUSED_FUNCTION = YES;
				GCC_WARN_UNUSED_VARIABLE = YES;
				IPHONEOS_DEPLOYMENT_TARGET = 15.2;
				MTL_ENABLE_DEBUG_INFO = NO;
				MTL_FAST_MATH = YES;
				SDKROOT = iphoneos;
				SWIFT_COMPILATION_MODE = wholemodule;
				SWIFT_OPTIMIZATION_LEVEL = "-O";
				VALIDATE_PRODUCT = YES;
			};
			name = Release;
		};
		CE5F39432799F91200A8AD08 /* Debug */ = {
			isa = XCBuildConfiguration;
			buildSettings = {
				ASSETCATALOG_COMPILER_APPICON_NAME = AppIcon;
				ASSETCATALOG_COMPILER_GLOBAL_ACCENT_COLOR_NAME = AccentColor;
				CODE_SIGN_STYLE = Automatic;
				CURRENT_PROJECT_VERSION = 1;
				DEVELOPMENT_TEAM = 3ER798Q6G9;
				GENERATE_INFOPLIST_FILE = YES;
				INFOPLIST_FILE = Posts/Info.plist;
				INFOPLIST_KEY_UIApplicationSupportsIndirectInputEvents = YES;
				INFOPLIST_KEY_UILaunchStoryboardName = LaunchScreen;
				INFOPLIST_KEY_UIMainStoryboardFile = Main;
				INFOPLIST_KEY_UISupportedInterfaceOrientations = UIInterfaceOrientationPortrait;
				INFOPLIST_KEY_UISupportedInterfaceOrientations_iPad = "UIInterfaceOrientationPortrait UIInterfaceOrientationPortraitUpsideDown UIInterfaceOrientationLandscapeLeft UIInterfaceOrientationLandscapeRight";
				INFOPLIST_KEY_UISupportedInterfaceOrientations_iPhone = "UIInterfaceOrientationPortrait UIInterfaceOrientationLandscapeLeft UIInterfaceOrientationLandscapeRight";
				IPHONEOS_DEPLOYMENT_TARGET = 14.0;
				LD_RUNPATH_SEARCH_PATHS = (
					"$(inherited)",
					"@executable_path/Frameworks",
				);
				MARKETING_VERSION = 1.0;
				PRODUCT_BUNDLE_IDENTIFIER = com.AK.Posts;
				PRODUCT_NAME = "$(TARGET_NAME)";
				SWIFT_EMIT_LOC_STRINGS = YES;
				SWIFT_VERSION = 5.0;
				TARGETED_DEVICE_FAMILY = 1;
			};
			name = Debug;
		};
		CE5F39442799F91200A8AD08 /* Release */ = {
			isa = XCBuildConfiguration;
			buildSettings = {
				ASSETCATALOG_COMPILER_APPICON_NAME = AppIcon;
				ASSETCATALOG_COMPILER_GLOBAL_ACCENT_COLOR_NAME = AccentColor;
				CODE_SIGN_STYLE = Automatic;
				CURRENT_PROJECT_VERSION = 1;
				DEVELOPMENT_TEAM = 3ER798Q6G9;
				GENERATE_INFOPLIST_FILE = YES;
				INFOPLIST_FILE = Posts/Info.plist;
				INFOPLIST_KEY_UIApplicationSupportsIndirectInputEvents = YES;
				INFOPLIST_KEY_UILaunchStoryboardName = LaunchScreen;
				INFOPLIST_KEY_UIMainStoryboardFile = Main;
				INFOPLIST_KEY_UISupportedInterfaceOrientations = UIInterfaceOrientationPortrait;
				INFOPLIST_KEY_UISupportedInterfaceOrientations_iPad = "UIInterfaceOrientationPortrait UIInterfaceOrientationPortraitUpsideDown UIInterfaceOrientationLandscapeLeft UIInterfaceOrientationLandscapeRight";
				INFOPLIST_KEY_UISupportedInterfaceOrientations_iPhone = "UIInterfaceOrientationPortrait UIInterfaceOrientationLandscapeLeft UIInterfaceOrientationLandscapeRight";
				IPHONEOS_DEPLOYMENT_TARGET = 14.0;
				LD_RUNPATH_SEARCH_PATHS = (
					"$(inherited)",
					"@executable_path/Frameworks",
				);
				MARKETING_VERSION = 1.0;
				PRODUCT_BUNDLE_IDENTIFIER = com.AK.Posts;
				PRODUCT_NAME = "$(TARGET_NAME)";
				SWIFT_EMIT_LOC_STRINGS = YES;
				SWIFT_VERSION = 5.0;
				TARGETED_DEVICE_FAMILY = 1;
			};
			name = Release;
		};
		CE5F39462799F91200A8AD08 /* Debug */ = {
			isa = XCBuildConfiguration;
			buildSettings = {
				ALWAYS_EMBED_SWIFT_STANDARD_LIBRARIES = YES;
				BUNDLE_LOADER = "$(TEST_HOST)";
				CODE_SIGN_STYLE = Automatic;
				CURRENT_PROJECT_VERSION = 1;
				DEVELOPMENT_TEAM = 3ER798Q6G9;
				GENERATE_INFOPLIST_FILE = YES;
				IPHONEOS_DEPLOYMENT_TARGET = 15.2;
				MARKETING_VERSION = 1.0;
				PRODUCT_BUNDLE_IDENTIFIER = com.AK.PostsTests;
				PRODUCT_NAME = "$(TARGET_NAME)";
				SWIFT_EMIT_LOC_STRINGS = NO;
				SWIFT_VERSION = 5.0;
				TARGETED_DEVICE_FAMILY = "1,2";
				TEST_HOST = "$(BUILT_PRODUCTS_DIR)/Posts.app/Posts";
			};
			name = Debug;
		};
		CE5F39472799F91200A8AD08 /* Release */ = {
			isa = XCBuildConfiguration;
			buildSettings = {
				ALWAYS_EMBED_SWIFT_STANDARD_LIBRARIES = YES;
				BUNDLE_LOADER = "$(TEST_HOST)";
				CODE_SIGN_STYLE = Automatic;
				CURRENT_PROJECT_VERSION = 1;
				DEVELOPMENT_TEAM = 3ER798Q6G9;
				GENERATE_INFOPLIST_FILE = YES;
				IPHONEOS_DEPLOYMENT_TARGET = 15.2;
				MARKETING_VERSION = 1.0;
				PRODUCT_BUNDLE_IDENTIFIER = com.AK.PostsTests;
				PRODUCT_NAME = "$(TARGET_NAME)";
				SWIFT_EMIT_LOC_STRINGS = NO;
				SWIFT_VERSION = 5.0;
				TARGETED_DEVICE_FAMILY = "1,2";
				TEST_HOST = "$(BUILT_PRODUCTS_DIR)/Posts.app/Posts";
			};
			name = Release;
		};
		CE5F39492799F91200A8AD08 /* Debug */ = {
			isa = XCBuildConfiguration;
			buildSettings = {
				ALWAYS_EMBED_SWIFT_STANDARD_LIBRARIES = YES;
				CODE_SIGN_STYLE = Automatic;
				CURRENT_PROJECT_VERSION = 1;
				DEVELOPMENT_TEAM = 3ER798Q6G9;
				GENERATE_INFOPLIST_FILE = YES;
				MARKETING_VERSION = 1.0;
				PRODUCT_BUNDLE_IDENTIFIER = com.AK.PostsUITests;
				PRODUCT_NAME = "$(TARGET_NAME)";
				SWIFT_EMIT_LOC_STRINGS = NO;
				SWIFT_VERSION = 5.0;
				TARGETED_DEVICE_FAMILY = "1,2";
				TEST_TARGET_NAME = Posts;
			};
			name = Debug;
		};
		CE5F394A2799F91200A8AD08 /* Release */ = {
			isa = XCBuildConfiguration;
			buildSettings = {
				ALWAYS_EMBED_SWIFT_STANDARD_LIBRARIES = YES;
				CODE_SIGN_STYLE = Automatic;
				CURRENT_PROJECT_VERSION = 1;
				DEVELOPMENT_TEAM = 3ER798Q6G9;
				GENERATE_INFOPLIST_FILE = YES;
				MARKETING_VERSION = 1.0;
				PRODUCT_BUNDLE_IDENTIFIER = com.AK.PostsUITests;
				PRODUCT_NAME = "$(TARGET_NAME)";
				SWIFT_EMIT_LOC_STRINGS = NO;
				SWIFT_VERSION = 5.0;
				TARGETED_DEVICE_FAMILY = "1,2";
				TEST_TARGET_NAME = Posts;
			};
			name = Release;
		};
/* End XCBuildConfiguration section */

/* Begin XCConfigurationList section */
		CE5F39102799F90E00A8AD08 /* Build configuration list for PBXProject "Posts" */ = {
			isa = XCConfigurationList;
			buildConfigurations = (
				CE5F39402799F91200A8AD08 /* Debug */,
				CE5F39412799F91200A8AD08 /* Release */,
			);
			defaultConfigurationIsVisible = 0;
			defaultConfigurationName = Release;
		};
		CE5F39422799F91200A8AD08 /* Build configuration list for PBXNativeTarget "Posts" */ = {
			isa = XCConfigurationList;
			buildConfigurations = (
				CE5F39432799F91200A8AD08 /* Debug */,
				CE5F39442799F91200A8AD08 /* Release */,
			);
			defaultConfigurationIsVisible = 0;
			defaultConfigurationName = Release;
		};
		CE5F39452799F91200A8AD08 /* Build configuration list for PBXNativeTarget "PostsTests" */ = {
			isa = XCConfigurationList;
			buildConfigurations = (
				CE5F39462799F91200A8AD08 /* Debug */,
				CE5F39472799F91200A8AD08 /* Release */,
			);
			defaultConfigurationIsVisible = 0;
			defaultConfigurationName = Release;
		};
		CE5F39482799F91200A8AD08 /* Build configuration list for PBXNativeTarget "PostsUITests" */ = {
			isa = XCConfigurationList;
			buildConfigurations = (
				CE5F39492799F91200A8AD08 /* Debug */,
				CE5F394A2799F91200A8AD08 /* Release */,
			);
			defaultConfigurationIsVisible = 0;
			defaultConfigurationName = Release;
		};
/* End XCConfigurationList section */

/* Begin XCVersionGroup section */
		CE5F39212799F90E00A8AD08 /* Posts.xcdatamodeld */ = {
			isa = XCVersionGroup;
			children = (
				CE5F39222799F90E00A8AD08 /* Posts.xcdatamodel */,
			);
			currentVersion = CE5F39222799F90E00A8AD08 /* Posts.xcdatamodel */;
			path = Posts.xcdatamodeld;
			sourceTree = "<group>";
			versionGroupType = wrapper.xcdatamodel;
		};
/* End XCVersionGroup section */
	};
	rootObject = CE5F390D2799F90E00A8AD08 /* Project object */;
}
